
Microsoft Visual Studio Solution File, Format Version 12.00
# Visual Studio 15
VisualStudioVersion = 15.0.26124.0
MinimumVisualStudioVersion = 15.0.26124.0
Project("{2150E333-8FDC-42A3-9474-1A3956D46DE8}") = "src", "src", "{56ABC593-6D8F-43D4-AFF7-6D1235748962}"
EndProject
Project("{FAE04EC0-301F-11D3-BF4B-00C04F79EFBC}") = "StackOverHead.CrossCutting", "src\StackOverHead.CrossCutting\StackOverHead.CrossCutting.csproj", "{A7BA3430-9F2D-4BA8-B57C-A426E846E406}"
EndProject
Project("{FAE04EC0-301F-11D3-BF4B-00C04F79EFBC}") = "StackOverHead.LibCommon", "src\StackOverHead.LibCommon\StackOverHead.LibCommon.csproj", "{802ECFEA-F2C8-4278-A475-27A0F80BB763}"
EndProject
Project("{FAE04EC0-301F-11D3-BF4B-00C04F79EFBC}") = "StackOverHead.Question.App", "src\StackOverHead.Question.App\StackOverHead.Question.App.csproj", "{C5C0FAD9-D886-401B-B4AF-E57144A0C542}"
EndProject
Project("{FAE04EC0-301F-11D3-BF4B-00C04F79EFBC}") = "StackOverHead.Question.Domain", "src\StackOverHead.Question.Domain\StackOverHead.Question.Domain.csproj", "{7CF4FCC6-A069-4B7A-BE0C-588D699BFA99}"
EndProject
Project("{FAE04EC0-301F-11D3-BF4B-00C04F79EFBC}") = "StackOverHead.Question.Infra", "src\StackOverHead.Question.Infra\StackOverHead.Question.Infra.csproj", "{FA5C0CFD-668A-4185-BFD9-8E5461A85DB3}"
EndProject
Project("{FAE04EC0-301F-11D3-BF4B-00C04F79EFBC}") = "StackOverHead.Auth.App", "src\StackOverHead.Auth.App\StackOverHead.Auth.App.csproj", "{1A632898-AC76-4D4B-8062-3A8A196486A4}"
EndProject
Project("{FAE04EC0-301F-11D3-BF4B-00C04F79EFBC}") = "StackOverHead.Auth.Domain", "src\StackOverHead.Auth.Domain\StackOverHead.Auth.Domain.csproj", "{EC1DF31E-03B5-419D-8E9E-E829E7E070E8}"
EndProject
Project("{FAE04EC0-301F-11D3-BF4B-00C04F79EFBC}") = "StackOverHead.Auth.Infra", "src\StackOverHead.Auth.Infra\StackOverHead.Auth.Infra.csproj", "{89F346BB-81C6-4911-BE98-3C22F2131F8B}"
EndProject
Project("{FAE04EC0-301F-11D3-BF4B-00C04F79EFBC}") = "StackOverHead.Web", "src\StackOverHead.Web\StackOverHead.Web.csproj", "{C1BC59C9-3AB0-4403-89AA-3097EEC024B9}"
EndProject
Project("{2150E333-8FDC-42A3-9474-1A3956D46DE8}") = "__tests__", "__tests__", "{5D1362A9-0343-4F62-A25C-6A1FFF284530}"
EndProject
Project("{FAE04EC0-301F-11D3-BF4B-00C04F79EFBC}") = "StackOverHead.CrossCutting.Tests", "__tests__\StackOverHead.CrossCutting.Tests\StackOverHead.CrossCutting.Tests.csproj", "{80E3483C-5096-4C62-93FF-7EF181D0B249}"
EndProject
Project("{FAE04EC0-301F-11D3-BF4B-00C04F79EFBC}") = "StackOverHead.LibCommon.Tests", "__tests__\StackOverHead.LibCommon.Tests\StackOverHead.LibCommon.Tests.csproj", "{22FDA898-EF7B-47E0-BE52-D66453FE19EE}"
EndProject
Project("{FAE04EC0-301F-11D3-BF4B-00C04F79EFBC}") = "StackOverHead.Question.App.Tests", "__tests__\StackOverHead.Question.App.Tests\StackOverHead.Question.App.Tests.csproj", "{FB75CD8E-5DC0-4E25-A185-21C321687205}"
EndProject
Project("{FAE04EC0-301F-11D3-BF4B-00C04F79EFBC}") = "StackOverHead.Question.Domain.Tests", "__tests__\StackOverHead.Question.Domain.Tests\StackOverHead.Question.Domain.Tests.csproj", "{FF5BEF67-FF31-4F56-8CD7-55F6912EDF69}"
EndProject
Project("{FAE04EC0-301F-11D3-BF4B-00C04F79EFBC}") = "StackOverHead.Question.Infra.Tests", "__tests__\StackOverHead.Question.Infra.Tests\StackOverHead.Question.Infra.Tests.csproj", "{35F5ACF0-6463-432E-995B-6ACB42B6FEBC}"
EndProject
Project("{FAE04EC0-301F-11D3-BF4B-00C04F79EFBC}") = "StackOverHead.Auth.App.Tests", "__tests__\StackOverHead.Auth.App.Tests\StackOverHead.Auth.App.Tests.csproj", "{0C4D388E-FDAB-4449-BCDF-4BB04D41C8B9}"
EndProject
Project("{FAE04EC0-301F-11D3-BF4B-00C04F79EFBC}") = "StackOverHead.Auth.Domain.Tests", "__tests__\StackOverHead.Auth.Domain.Tests\StackOverHead.Auth.Domain.Tests.csproj", "{ACB5281D-5184-4AC5-BD53-647CD0DE81A3}"
EndProject
Project("{FAE04EC0-301F-11D3-BF4B-00C04F79EFBC}") = "StackOverHead.Auth.Infra.Tests", "__tests__\StackOverHead.Auth.Infra.Tests\StackOverHead.Auth.Infra.Tests.csproj", "{2DA3777A-1A0F-4D35-8F15-CB771B826BEB}"
EndProject
Project("{FAE04EC0-301F-11D3-BF4B-00C04F79EFBC}") = "StackOverHead.Web.Tests", "__tests__\StackOverHead.Web.Tests\StackOverHead.Web.Tests.csproj", "{03C2BC56-ED61-4643-9E94-C948BA489669}"
EndProject
Project("{FAE04EC0-301F-11D3-BF4B-00C04F79EFBC}") = "StackOverHead.E2E.Tests", "__tests__\StackOverHead.E2E.Tests\StackOverHead.E2E.Tests.csproj", "{AE91BDEE-7677-428D-855A-91B4B6829609}"
EndProject
Project("{FAE04EC0-301F-11D3-BF4B-00C04F79EFBC}") = "StackOverHead.Question.Elastic", "src\StackOverHead.Question.Elastic\StackOverHead.Question.Elastic.csproj", "{2ADE4D36-6A18-4892-9D2A-B750A0D14906}"
EndProject
Global
	GlobalSection(SolutionConfigurationPlatforms) = preSolution
		Debug|Any CPU = Debug|Any CPU
		Debug|x64 = Debug|x64
		Debug|x86 = Debug|x86
		Release|Any CPU = Release|Any CPU
		Release|x64 = Release|x64
		Release|x86 = Release|x86
	EndGlobalSection
	GlobalSection(SolutionProperties) = preSolution
		HideSolutionNode = FALSE
	EndGlobalSection
	GlobalSection(ProjectConfigurationPlatforms) = postSolution
		{A7BA3430-9F2D-4BA8-B57C-A426E846E406}.Debug|Any CPU.ActiveCfg = Debug|Any CPU
		{A7BA3430-9F2D-4BA8-B57C-A426E846E406}.Debug|Any CPU.Build.0 = Debug|Any CPU
		{A7BA3430-9F2D-4BA8-B57C-A426E846E406}.Debug|x64.ActiveCfg = Debug|Any CPU
		{A7BA3430-9F2D-4BA8-B57C-A426E846E406}.Debug|x64.Build.0 = Debug|Any CPU
		{A7BA3430-9F2D-4BA8-B57C-A426E846E406}.Debug|x86.ActiveCfg = Debug|Any CPU
		{A7BA3430-9F2D-4BA8-B57C-A426E846E406}.Debug|x86.Build.0 = Debug|Any CPU
		{A7BA3430-9F2D-4BA8-B57C-A426E846E406}.Release|Any CPU.ActiveCfg = Release|Any CPU
		{A7BA3430-9F2D-4BA8-B57C-A426E846E406}.Release|Any CPU.Build.0 = Release|Any CPU
		{A7BA3430-9F2D-4BA8-B57C-A426E846E406}.Release|x64.ActiveCfg = Release|Any CPU
		{A7BA3430-9F2D-4BA8-B57C-A426E846E406}.Release|x64.Build.0 = Release|Any CPU
		{A7BA3430-9F2D-4BA8-B57C-A426E846E406}.Release|x86.ActiveCfg = Release|Any CPU
		{A7BA3430-9F2D-4BA8-B57C-A426E846E406}.Release|x86.Build.0 = Release|Any CPU
		{802ECFEA-F2C8-4278-A475-27A0F80BB763}.Debug|Any CPU.ActiveCfg = Debug|Any CPU
		{802ECFEA-F2C8-4278-A475-27A0F80BB763}.Debug|Any CPU.Build.0 = Debug|Any CPU
		{802ECFEA-F2C8-4278-A475-27A0F80BB763}.Debug|x64.ActiveCfg = Debug|Any CPU
		{802ECFEA-F2C8-4278-A475-27A0F80BB763}.Debug|x64.Build.0 = Debug|Any CPU
		{802ECFEA-F2C8-4278-A475-27A0F80BB763}.Debug|x86.ActiveCfg = Debug|Any CPU
		{802ECFEA-F2C8-4278-A475-27A0F80BB763}.Debug|x86.Build.0 = Debug|Any CPU
		{802ECFEA-F2C8-4278-A475-27A0F80BB763}.Release|Any CPU.ActiveCfg = Release|Any CPU
		{802ECFEA-F2C8-4278-A475-27A0F80BB763}.Release|Any CPU.Build.0 = Release|Any CPU
		{802ECFEA-F2C8-4278-A475-27A0F80BB763}.Release|x64.ActiveCfg = Release|Any CPU
		{802ECFEA-F2C8-4278-A475-27A0F80BB763}.Release|x64.Build.0 = Release|Any CPU
		{802ECFEA-F2C8-4278-A475-27A0F80BB763}.Release|x86.ActiveCfg = Release|Any CPU
		{802ECFEA-F2C8-4278-A475-27A0F80BB763}.Release|x86.Build.0 = Release|Any CPU
		{C5C0FAD9-D886-401B-B4AF-E57144A0C542}.Debug|Any CPU.ActiveCfg = Debug|Any CPU
		{C5C0FAD9-D886-401B-B4AF-E57144A0C542}.Debug|Any CPU.Build.0 = Debug|Any CPU
		{C5C0FAD9-D886-401B-B4AF-E57144A0C542}.Debug|x64.ActiveCfg = Debug|Any CPU
		{C5C0FAD9-D886-401B-B4AF-E57144A0C542}.Debug|x64.Build.0 = Debug|Any CPU
		{C5C0FAD9-D886-401B-B4AF-E57144A0C542}.Debug|x86.ActiveCfg = Debug|Any CPU
		{C5C0FAD9-D886-401B-B4AF-E57144A0C542}.Debug|x86.Build.0 = Debug|Any CPU
		{C5C0FAD9-D886-401B-B4AF-E57144A0C542}.Release|Any CPU.ActiveCfg = Release|Any CPU
		{C5C0FAD9-D886-401B-B4AF-E57144A0C542}.Release|Any CPU.Build.0 = Release|Any CPU
		{C5C0FAD9-D886-401B-B4AF-E57144A0C542}.Release|x64.ActiveCfg = Release|Any CPU
		{C5C0FAD9-D886-401B-B4AF-E57144A0C542}.Release|x64.Build.0 = Release|Any CPU
		{C5C0FAD9-D886-401B-B4AF-E57144A0C542}.Release|x86.ActiveCfg = Release|Any CPU
		{C5C0FAD9-D886-401B-B4AF-E57144A0C542}.Release|x86.Build.0 = Release|Any CPU
		{7CF4FCC6-A069-4B7A-BE0C-588D699BFA99}.Debug|Any CPU.ActiveCfg = Debug|Any CPU
		{7CF4FCC6-A069-4B7A-BE0C-588D699BFA99}.Debug|Any CPU.Build.0 = Debug|Any CPU
		{7CF4FCC6-A069-4B7A-BE0C-588D699BFA99}.Debug|x64.ActiveCfg = Debug|Any CPU
		{7CF4FCC6-A069-4B7A-BE0C-588D699BFA99}.Debug|x64.Build.0 = Debug|Any CPU
		{7CF4FCC6-A069-4B7A-BE0C-588D699BFA99}.Debug|x86.ActiveCfg = Debug|Any CPU
		{7CF4FCC6-A069-4B7A-BE0C-588D699BFA99}.Debug|x86.Build.0 = Debug|Any CPU
		{7CF4FCC6-A069-4B7A-BE0C-588D699BFA99}.Release|Any CPU.ActiveCfg = Release|Any CPU
		{7CF4FCC6-A069-4B7A-BE0C-588D699BFA99}.Release|Any CPU.Build.0 = Release|Any CPU
		{7CF4FCC6-A069-4B7A-BE0C-588D699BFA99}.Release|x64.ActiveCfg = Release|Any CPU
		{7CF4FCC6-A069-4B7A-BE0C-588D699BFA99}.Release|x64.Build.0 = Release|Any CPU
		{7CF4FCC6-A069-4B7A-BE0C-588D699BFA99}.Release|x86.ActiveCfg = Release|Any CPU
		{7CF4FCC6-A069-4B7A-BE0C-588D699BFA99}.Release|x86.Build.0 = Release|Any CPU
		{FA5C0CFD-668A-4185-BFD9-8E5461A85DB3}.Debug|Any CPU.ActiveCfg = Debug|Any CPU
		{FA5C0CFD-668A-4185-BFD9-8E5461A85DB3}.Debug|Any CPU.Build.0 = Debug|Any CPU
		{FA5C0CFD-668A-4185-BFD9-8E5461A85DB3}.Debug|x64.ActiveCfg = Debug|Any CPU
		{FA5C0CFD-668A-4185-BFD9-8E5461A85DB3}.Debug|x64.Build.0 = Debug|Any CPU
		{FA5C0CFD-668A-4185-BFD9-8E5461A85DB3}.Debug|x86.ActiveCfg = Debug|Any CPU
		{FA5C0CFD-668A-4185-BFD9-8E5461A85DB3}.Debug|x86.Build.0 = Debug|Any CPU
		{FA5C0CFD-668A-4185-BFD9-8E5461A85DB3}.Release|Any CPU.ActiveCfg = Release|Any CPU
		{FA5C0CFD-668A-4185-BFD9-8E5461A85DB3}.Release|Any CPU.Build.0 = Release|Any CPU
		{FA5C0CFD-668A-4185-BFD9-8E5461A85DB3}.Release|x64.ActiveCfg = Release|Any CPU
		{FA5C0CFD-668A-4185-BFD9-8E5461A85DB3}.Release|x64.Build.0 = Release|Any CPU
		{FA5C0CFD-668A-4185-BFD9-8E5461A85DB3}.Release|x86.ActiveCfg = Release|Any CPU
		{FA5C0CFD-668A-4185-BFD9-8E5461A85DB3}.Release|x86.Build.0 = Release|Any CPU
		{1A632898-AC76-4D4B-8062-3A8A196486A4}.Debug|Any CPU.ActiveCfg = Debug|Any CPU
		{1A632898-AC76-4D4B-8062-3A8A196486A4}.Debug|Any CPU.Build.0 = Debug|Any CPU
		{1A632898-AC76-4D4B-8062-3A8A196486A4}.Debug|x64.ActiveCfg = Debug|Any CPU
		{1A632898-AC76-4D4B-8062-3A8A196486A4}.Debug|x64.Build.0 = Debug|Any CPU
		{1A632898-AC76-4D4B-8062-3A8A196486A4}.Debug|x86.ActiveCfg = Debug|Any CPU
		{1A632898-AC76-4D4B-8062-3A8A196486A4}.Debug|x86.Build.0 = Debug|Any CPU
		{1A632898-AC76-4D4B-8062-3A8A196486A4}.Release|Any CPU.ActiveCfg = Release|Any CPU
		{1A632898-AC76-4D4B-8062-3A8A196486A4}.Release|Any CPU.Build.0 = Release|Any CPU
		{1A632898-AC76-4D4B-8062-3A8A196486A4}.Release|x64.ActiveCfg = Release|Any CPU
		{1A632898-AC76-4D4B-8062-3A8A196486A4}.Release|x64.Build.0 = Release|Any CPU
		{1A632898-AC76-4D4B-8062-3A8A196486A4}.Release|x86.ActiveCfg = Release|Any CPU
		{1A632898-AC76-4D4B-8062-3A8A196486A4}.Release|x86.Build.0 = Release|Any CPU
		{EC1DF31E-03B5-419D-8E9E-E829E7E070E8}.Debug|Any CPU.ActiveCfg = Debug|Any CPU
		{EC1DF31E-03B5-419D-8E9E-E829E7E070E8}.Debug|Any CPU.Build.0 = Debug|Any CPU
		{EC1DF31E-03B5-419D-8E9E-E829E7E070E8}.Debug|x64.ActiveCfg = Debug|Any CPU
		{EC1DF31E-03B5-419D-8E9E-E829E7E070E8}.Debug|x64.Build.0 = Debug|Any CPU
		{EC1DF31E-03B5-419D-8E9E-E829E7E070E8}.Debug|x86.ActiveCfg = Debug|Any CPU
		{EC1DF31E-03B5-419D-8E9E-E829E7E070E8}.Debug|x86.Build.0 = Debug|Any CPU
		{EC1DF31E-03B5-419D-8E9E-E829E7E070E8}.Release|Any CPU.ActiveCfg = Release|Any CPU
		{EC1DF31E-03B5-419D-8E9E-E829E7E070E8}.Release|Any CPU.Build.0 = Release|Any CPU
		{EC1DF31E-03B5-419D-8E9E-E829E7E070E8}.Release|x64.ActiveCfg = Release|Any CPU
		{EC1DF31E-03B5-419D-8E9E-E829E7E070E8}.Release|x64.Build.0 = Release|Any CPU
		{EC1DF31E-03B5-419D-8E9E-E829E7E070E8}.Release|x86.ActiveCfg = Release|Any CPU
		{EC1DF31E-03B5-419D-8E9E-E829E7E070E8}.Release|x86.Build.0 = Release|Any CPU
		{89F346BB-81C6-4911-BE98-3C22F2131F8B}.Debug|Any CPU.ActiveCfg = Debug|Any CPU
		{89F346BB-81C6-4911-BE98-3C22F2131F8B}.Debug|Any CPU.Build.0 = Debug|Any CPU
		{89F346BB-81C6-4911-BE98-3C22F2131F8B}.Debug|x64.ActiveCfg = Debug|Any CPU
		{89F346BB-81C6-4911-BE98-3C22F2131F8B}.Debug|x64.Build.0 = Debug|Any CPU
		{89F346BB-81C6-4911-BE98-3C22F2131F8B}.Debug|x86.ActiveCfg = Debug|Any CPU
		{89F346BB-81C6-4911-BE98-3C22F2131F8B}.Debug|x86.Build.0 = Debug|Any CPU
		{89F346BB-81C6-4911-BE98-3C22F2131F8B}.Release|Any CPU.ActiveCfg = Release|Any CPU
		{89F346BB-81C6-4911-BE98-3C22F2131F8B}.Release|Any CPU.Build.0 = Release|Any CPU
		{89F346BB-81C6-4911-BE98-3C22F2131F8B}.Release|x64.ActiveCfg = Release|Any CPU
		{89F346BB-81C6-4911-BE98-3C22F2131F8B}.Release|x64.Build.0 = Release|Any CPU
		{89F346BB-81C6-4911-BE98-3C22F2131F8B}.Release|x86.ActiveCfg = Release|Any CPU
		{89F346BB-81C6-4911-BE98-3C22F2131F8B}.Release|x86.Build.0 = Release|Any CPU
		{C1BC59C9-3AB0-4403-89AA-3097EEC024B9}.Debug|Any CPU.ActiveCfg = Debug|Any CPU
		{C1BC59C9-3AB0-4403-89AA-3097EEC024B9}.Debug|Any CPU.Build.0 = Debug|Any CPU
		{C1BC59C9-3AB0-4403-89AA-3097EEC024B9}.Debug|x64.ActiveCfg = Debug|Any CPU
		{C1BC59C9-3AB0-4403-89AA-3097EEC024B9}.Debug|x64.Build.0 = Debug|Any CPU
		{C1BC59C9-3AB0-4403-89AA-3097EEC024B9}.Debug|x86.ActiveCfg = Debug|Any CPU
		{C1BC59C9-3AB0-4403-89AA-3097EEC024B9}.Debug|x86.Build.0 = Debug|Any CPU
		{C1BC59C9-3AB0-4403-89AA-3097EEC024B9}.Release|Any CPU.ActiveCfg = Release|Any CPU
		{C1BC59C9-3AB0-4403-89AA-3097EEC024B9}.Release|Any CPU.Build.0 = Release|Any CPU
		{C1BC59C9-3AB0-4403-89AA-3097EEC024B9}.Release|x64.ActiveCfg = Release|Any CPU
		{C1BC59C9-3AB0-4403-89AA-3097EEC024B9}.Release|x64.Build.0 = Release|Any CPU
		{C1BC59C9-3AB0-4403-89AA-3097EEC024B9}.Release|x86.ActiveCfg = Release|Any CPU
		{C1BC59C9-3AB0-4403-89AA-3097EEC024B9}.Release|x86.Build.0 = Release|Any CPU
		{80E3483C-5096-4C62-93FF-7EF181D0B249}.Debug|Any CPU.ActiveCfg = Debug|Any CPU
		{80E3483C-5096-4C62-93FF-7EF181D0B249}.Debug|Any CPU.Build.0 = Debug|Any CPU
		{80E3483C-5096-4C62-93FF-7EF181D0B249}.Debug|x64.ActiveCfg = Debug|Any CPU
		{80E3483C-5096-4C62-93FF-7EF181D0B249}.Debug|x64.Build.0 = Debug|Any CPU
		{80E3483C-5096-4C62-93FF-7EF181D0B249}.Debug|x86.ActiveCfg = Debug|Any CPU
		{80E3483C-5096-4C62-93FF-7EF181D0B249}.Debug|x86.Build.0 = Debug|Any CPU
		{80E3483C-5096-4C62-93FF-7EF181D0B249}.Release|Any CPU.ActiveCfg = Release|Any CPU
		{80E3483C-5096-4C62-93FF-7EF181D0B249}.Release|Any CPU.Build.0 = Release|Any CPU
		{80E3483C-5096-4C62-93FF-7EF181D0B249}.Release|x64.ActiveCfg = Release|Any CPU
		{80E3483C-5096-4C62-93FF-7EF181D0B249}.Release|x64.Build.0 = Release|Any CPU
		{80E3483C-5096-4C62-93FF-7EF181D0B249}.Release|x86.ActiveCfg = Release|Any CPU
		{80E3483C-5096-4C62-93FF-7EF181D0B249}.Release|x86.Build.0 = Release|Any CPU
		{22FDA898-EF7B-47E0-BE52-D66453FE19EE}.Debug|Any CPU.ActiveCfg = Debug|Any CPU
		{22FDA898-EF7B-47E0-BE52-D66453FE19EE}.Debug|Any CPU.Build.0 = Debug|Any CPU
		{22FDA898-EF7B-47E0-BE52-D66453FE19EE}.Debug|x64.ActiveCfg = Debug|Any CPU
		{22FDA898-EF7B-47E0-BE52-D66453FE19EE}.Debug|x64.Build.0 = Debug|Any CPU
		{22FDA898-EF7B-47E0-BE52-D66453FE19EE}.Debug|x86.ActiveCfg = Debug|Any CPU
		{22FDA898-EF7B-47E0-BE52-D66453FE19EE}.Debug|x86.Build.0 = Debug|Any CPU
		{22FDA898-EF7B-47E0-BE52-D66453FE19EE}.Release|Any CPU.ActiveCfg = Release|Any CPU
		{22FDA898-EF7B-47E0-BE52-D66453FE19EE}.Release|Any CPU.Build.0 = Release|Any CPU
		{22FDA898-EF7B-47E0-BE52-D66453FE19EE}.Release|x64.ActiveCfg = Release|Any CPU
		{22FDA898-EF7B-47E0-BE52-D66453FE19EE}.Release|x64.Build.0 = Release|Any CPU
		{22FDA898-EF7B-47E0-BE52-D66453FE19EE}.Release|x86.ActiveCfg = Release|Any CPU
		{22FDA898-EF7B-47E0-BE52-D66453FE19EE}.Release|x86.Build.0 = Release|Any CPU
		{FB75CD8E-5DC0-4E25-A185-21C321687205}.Debug|Any CPU.ActiveCfg = Debug|Any CPU
		{FB75CD8E-5DC0-4E25-A185-21C321687205}.Debug|Any CPU.Build.0 = Debug|Any CPU
		{FB75CD8E-5DC0-4E25-A185-21C321687205}.Debug|x64.ActiveCfg = Debug|Any CPU
		{FB75CD8E-5DC0-4E25-A185-21C321687205}.Debug|x64.Build.0 = Debug|Any CPU
		{FB75CD8E-5DC0-4E25-A185-21C321687205}.Debug|x86.ActiveCfg = Debug|Any CPU
		{FB75CD8E-5DC0-4E25-A185-21C321687205}.Debug|x86.Build.0 = Debug|Any CPU
		{FB75CD8E-5DC0-4E25-A185-21C321687205}.Release|Any CPU.ActiveCfg = Release|Any CPU
		{FB75CD8E-5DC0-4E25-A185-21C321687205}.Release|Any CPU.Build.0 = Release|Any CPU
		{FB75CD8E-5DC0-4E25-A185-21C321687205}.Release|x64.ActiveCfg = Release|Any CPU
		{FB75CD8E-5DC0-4E25-A185-21C321687205}.Release|x64.Build.0 = Release|Any CPU
		{FB75CD8E-5DC0-4E25-A185-21C321687205}.Release|x86.ActiveCfg = Release|Any CPU
		{FB75CD8E-5DC0-4E25-A185-21C321687205}.Release|x86.Build.0 = Release|Any CPU
		{FF5BEF67-FF31-4F56-8CD7-55F6912EDF69}.Debug|Any CPU.ActiveCfg = Debug|Any CPU
		{FF5BEF67-FF31-4F56-8CD7-55F6912EDF69}.Debug|Any CPU.Build.0 = Debug|Any CPU
		{FF5BEF67-FF31-4F56-8CD7-55F6912EDF69}.Debug|x64.ActiveCfg = Debug|Any CPU
		{FF5BEF67-FF31-4F56-8CD7-55F6912EDF69}.Debug|x64.Build.0 = Debug|Any CPU
		{FF5BEF67-FF31-4F56-8CD7-55F6912EDF69}.Debug|x86.ActiveCfg = Debug|Any CPU
		{FF5BEF67-FF31-4F56-8CD7-55F6912EDF69}.Debug|x86.Build.0 = Debug|Any CPU
		{FF5BEF67-FF31-4F56-8CD7-55F6912EDF69}.Release|Any CPU.ActiveCfg = Release|Any CPU
		{FF5BEF67-FF31-4F56-8CD7-55F6912EDF69}.Release|Any CPU.Build.0 = Release|Any CPU
		{FF5BEF67-FF31-4F56-8CD7-55F6912EDF69}.Release|x64.ActiveCfg = Release|Any CPU
		{FF5BEF67-FF31-4F56-8CD7-55F6912EDF69}.Release|x64.Build.0 = Release|Any CPU
		{FF5BEF67-FF31-4F56-8CD7-55F6912EDF69}.Release|x86.ActiveCfg = Release|Any CPU
		{FF5BEF67-FF31-4F56-8CD7-55F6912EDF69}.Release|x86.Build.0 = Release|Any CPU
		{35F5ACF0-6463-432E-995B-6ACB42B6FEBC}.Debug|Any CPU.ActiveCfg = Debug|Any CPU
		{35F5ACF0-6463-432E-995B-6ACB42B6FEBC}.Debug|Any CPU.Build.0 = Debug|Any CPU
		{35F5ACF0-6463-432E-995B-6ACB42B6FEBC}.Debug|x64.ActiveCfg = Debug|Any CPU
		{35F5ACF0-6463-432E-995B-6ACB42B6FEBC}.Debug|x64.Build.0 = Debug|Any CPU
		{35F5ACF0-6463-432E-995B-6ACB42B6FEBC}.Debug|x86.ActiveCfg = Debug|Any CPU
		{35F5ACF0-6463-432E-995B-6ACB42B6FEBC}.Debug|x86.Build.0 = Debug|Any CPU
		{35F5ACF0-6463-432E-995B-6ACB42B6FEBC}.Release|Any CPU.ActiveCfg = Release|Any CPU
		{35F5ACF0-6463-432E-995B-6ACB42B6FEBC}.Release|Any CPU.Build.0 = Release|Any CPU
		{35F5ACF0-6463-432E-995B-6ACB42B6FEBC}.Release|x64.ActiveCfg = Release|Any CPU
		{35F5ACF0-6463-432E-995B-6ACB42B6FEBC}.Release|x64.Build.0 = Release|Any CPU
		{35F5ACF0-6463-432E-995B-6ACB42B6FEBC}.Release|x86.ActiveCfg = Release|Any CPU
		{35F5ACF0-6463-432E-995B-6ACB42B6FEBC}.Release|x86.Build.0 = Release|Any CPU
		{0C4D388E-FDAB-4449-BCDF-4BB04D41C8B9}.Debug|Any CPU.ActiveCfg = Debug|Any CPU
		{0C4D388E-FDAB-4449-BCDF-4BB04D41C8B9}.Debug|Any CPU.Build.0 = Debug|Any CPU
		{0C4D388E-FDAB-4449-BCDF-4BB04D41C8B9}.Debug|x64.ActiveCfg = Debug|Any CPU
		{0C4D388E-FDAB-4449-BCDF-4BB04D41C8B9}.Debug|x64.Build.0 = Debug|Any CPU
		{0C4D388E-FDAB-4449-BCDF-4BB04D41C8B9}.Debug|x86.ActiveCfg = Debug|Any CPU
		{0C4D388E-FDAB-4449-BCDF-4BB04D41C8B9}.Debug|x86.Build.0 = Debug|Any CPU
		{0C4D388E-FDAB-4449-BCDF-4BB04D41C8B9}.Release|Any CPU.ActiveCfg = Release|Any CPU
		{0C4D388E-FDAB-4449-BCDF-4BB04D41C8B9}.Release|Any CPU.Build.0 = Release|Any CPU
		{0C4D388E-FDAB-4449-BCDF-4BB04D41C8B9}.Release|x64.ActiveCfg = Release|Any CPU
		{0C4D388E-FDAB-4449-BCDF-4BB04D41C8B9}.Release|x64.Build.0 = Release|Any CPU
		{0C4D388E-FDAB-4449-BCDF-4BB04D41C8B9}.Release|x86.ActiveCfg = Release|Any CPU
		{0C4D388E-FDAB-4449-BCDF-4BB04D41C8B9}.Release|x86.Build.0 = Release|Any CPU
		{ACB5281D-5184-4AC5-BD53-647CD0DE81A3}.Debug|Any CPU.ActiveCfg = Debug|Any CPU
		{ACB5281D-5184-4AC5-BD53-647CD0DE81A3}.Debug|Any CPU.Build.0 = Debug|Any CPU
		{ACB5281D-5184-4AC5-BD53-647CD0DE81A3}.Debug|x64.ActiveCfg = Debug|Any CPU
		{ACB5281D-5184-4AC5-BD53-647CD0DE81A3}.Debug|x64.Build.0 = Debug|Any CPU
		{ACB5281D-5184-4AC5-BD53-647CD0DE81A3}.Debug|x86.ActiveCfg = Debug|Any CPU
		{ACB5281D-5184-4AC5-BD53-647CD0DE81A3}.Debug|x86.Build.0 = Debug|Any CPU
		{ACB5281D-5184-4AC5-BD53-647CD0DE81A3}.Release|Any CPU.ActiveCfg = Release|Any CPU
		{ACB5281D-5184-4AC5-BD53-647CD0DE81A3}.Release|Any CPU.Build.0 = Release|Any CPU
		{ACB5281D-5184-4AC5-BD53-647CD0DE81A3}.Release|x64.ActiveCfg = Release|Any CPU
		{ACB5281D-5184-4AC5-BD53-647CD0DE81A3}.Release|x64.Build.0 = Release|Any CPU
		{ACB5281D-5184-4AC5-BD53-647CD0DE81A3}.Release|x86.ActiveCfg = Release|Any CPU
		{ACB5281D-5184-4AC5-BD53-647CD0DE81A3}.Release|x86.Build.0 = Release|Any CPU
		{2DA3777A-1A0F-4D35-8F15-CB771B826BEB}.Debug|Any CPU.ActiveCfg = Debug|Any CPU
		{2DA3777A-1A0F-4D35-8F15-CB771B826BEB}.Debug|Any CPU.Build.0 = Debug|Any CPU
		{2DA3777A-1A0F-4D35-8F15-CB771B826BEB}.Debug|x64.ActiveCfg = Debug|Any CPU
		{2DA3777A-1A0F-4D35-8F15-CB771B826BEB}.Debug|x64.Build.0 = Debug|Any CPU
		{2DA3777A-1A0F-4D35-8F15-CB771B826BEB}.Debug|x86.ActiveCfg = Debug|Any CPU
		{2DA3777A-1A0F-4D35-8F15-CB771B826BEB}.Debug|x86.Build.0 = Debug|Any CPU
		{2DA3777A-1A0F-4D35-8F15-CB771B826BEB}.Release|Any CPU.ActiveCfg = Release|Any CPU
		{2DA3777A-1A0F-4D35-8F15-CB771B826BEB}.Release|Any CPU.Build.0 = Release|Any CPU
		{2DA3777A-1A0F-4D35-8F15-CB771B826BEB}.Release|x64.ActiveCfg = Release|Any CPU
		{2DA3777A-1A0F-4D35-8F15-CB771B826BEB}.Release|x64.Build.0 = Release|Any CPU
		{2DA3777A-1A0F-4D35-8F15-CB771B826BEB}.Release|x86.ActiveCfg = Release|Any CPU
		{2DA3777A-1A0F-4D35-8F15-CB771B826BEB}.Release|x86.Build.0 = Release|Any CPU
		{03C2BC56-ED61-4643-9E94-C948BA489669}.Debug|Any CPU.ActiveCfg = Debug|Any CPU
		{03C2BC56-ED61-4643-9E94-C948BA489669}.Debug|Any CPU.Build.0 = Debug|Any CPU
		{03C2BC56-ED61-4643-9E94-C948BA489669}.Debug|x64.ActiveCfg = Debug|Any CPU
		{03C2BC56-ED61-4643-9E94-C948BA489669}.Debug|x64.Build.0 = Debug|Any CPU
		{03C2BC56-ED61-4643-9E94-C948BA489669}.Debug|x86.ActiveCfg = Debug|Any CPU
		{03C2BC56-ED61-4643-9E94-C948BA489669}.Debug|x86.Build.0 = Debug|Any CPU
		{03C2BC56-ED61-4643-9E94-C948BA489669}.Release|Any CPU.ActiveCfg = Release|Any CPU
		{03C2BC56-ED61-4643-9E94-C948BA489669}.Release|Any CPU.Build.0 = Release|Any CPU
		{03C2BC56-ED61-4643-9E94-C948BA489669}.Release|x64.ActiveCfg = Release|Any CPU
		{03C2BC56-ED61-4643-9E94-C948BA489669}.Release|x64.Build.0 = Release|Any CPU
		{03C2BC56-ED61-4643-9E94-C948BA489669}.Release|x86.ActiveCfg = Release|Any CPU
		{03C2BC56-ED61-4643-9E94-C948BA489669}.Release|x86.Build.0 = Release|Any CPU
		{AE91BDEE-7677-428D-855A-91B4B6829609}.Debug|Any CPU.ActiveCfg = Debug|Any CPU
		{AE91BDEE-7677-428D-855A-91B4B6829609}.Debug|Any CPU.Build.0 = Debug|Any CPU
		{AE91BDEE-7677-428D-855A-91B4B6829609}.Debug|x64.ActiveCfg = Debug|Any CPU
		{AE91BDEE-7677-428D-855A-91B4B6829609}.Debug|x64.Build.0 = Debug|Any CPU
		{AE91BDEE-7677-428D-855A-91B4B6829609}.Debug|x86.ActiveCfg = Debug|Any CPU
		{AE91BDEE-7677-428D-855A-91B4B6829609}.Debug|x86.Build.0 = Debug|Any CPU
		{AE91BDEE-7677-428D-855A-91B4B6829609}.Release|Any CPU.ActiveCfg = Release|Any CPU
		{AE91BDEE-7677-428D-855A-91B4B6829609}.Release|Any CPU.Build.0 = Release|Any CPU
		{AE91BDEE-7677-428D-855A-91B4B6829609}.Release|x64.ActiveCfg = Release|Any CPU
		{AE91BDEE-7677-428D-855A-91B4B6829609}.Release|x64.Build.0 = Release|Any CPU
		{AE91BDEE-7677-428D-855A-91B4B6829609}.Release|x86.ActiveCfg = Release|Any CPU
		{AE91BDEE-7677-428D-855A-91B4B6829609}.Release|x86.Build.0 = Release|Any CPU
		{2ADE4D36-6A18-4892-9D2A-B750A0D14906}.Debug|Any CPU.ActiveCfg = Debug|Any CPU
		{2ADE4D36-6A18-4892-9D2A-B750A0D14906}.Debug|Any CPU.Build.0 = Debug|Any CPU
		{2ADE4D36-6A18-4892-9D2A-B750A0D14906}.Debug|x64.ActiveCfg = Debug|Any CPU
		{2ADE4D36-6A18-4892-9D2A-B750A0D14906}.Debug|x64.Build.0 = Debug|Any CPU
		{2ADE4D36-6A18-4892-9D2A-B750A0D14906}.Debug|x86.ActiveCfg = Debug|Any CPU
		{2ADE4D36-6A18-4892-9D2A-B750A0D14906}.Debug|x86.Build.0 = Debug|Any CPU
		{2ADE4D36-6A18-4892-9D2A-B750A0D14906}.Release|Any CPU.ActiveCfg = Release|Any CPU
		{2ADE4D36-6A18-4892-9D2A-B750A0D14906}.Release|Any CPU.Build.0 = Release|Any CPU
		{2ADE4D36-6A18-4892-9D2A-B750A0D14906}.Release|x64.ActiveCfg = Release|Any CPU
		{2ADE4D36-6A18-4892-9D2A-B750A0D14906}.Release|x64.Build.0 = Release|Any CPU
		{2ADE4D36-6A18-4892-9D2A-B750A0D14906}.Release|x86.ActiveCfg = Release|Any CPU
		{2ADE4D36-6A18-4892-9D2A-B750A0D14906}.Release|x86.Build.0 = Release|Any CPU
	EndGlobalSection
	GlobalSection(NestedProjects) = preSolution
		{A7BA3430-9F2D-4BA8-B57C-A426E846E406} = {56ABC593-6D8F-43D4-AFF7-6D1235748962}
		{802ECFEA-F2C8-4278-A475-27A0F80BB763} = {56ABC593-6D8F-43D4-AFF7-6D1235748962}
		{C5C0FAD9-D886-401B-B4AF-E57144A0C542} = {56ABC593-6D8F-43D4-AFF7-6D1235748962}
		{7CF4FCC6-A069-4B7A-BE0C-588D699BFA99} = {56ABC593-6D8F-43D4-AFF7-6D1235748962}
		{FA5C0CFD-668A-4185-BFD9-8E5461A85DB3} = {56ABC593-6D8F-43D4-AFF7-6D1235748962}
		{1A632898-AC76-4D4B-8062-3A8A196486A4} = {56ABC593-6D8F-43D4-AFF7-6D1235748962}
		{EC1DF31E-03B5-419D-8E9E-E829E7E070E8} = {56ABC593-6D8F-43D4-AFF7-6D1235748962}
		{89F346BB-81C6-4911-BE98-3C22F2131F8B} = {56ABC593-6D8F-43D4-AFF7-6D1235748962}
		{C1BC59C9-3AB0-4403-89AA-3097EEC024B9} = {56ABC593-6D8F-43D4-AFF7-6D1235748962}
		{80E3483C-5096-4C62-93FF-7EF181D0B249} = {5D1362A9-0343-4F62-A25C-6A1FFF284530}
		{22FDA898-EF7B-47E0-BE52-D66453FE19EE} = {5D1362A9-0343-4F62-A25C-6A1FFF284530}
		{FB75CD8E-5DC0-4E25-A185-21C321687205} = {5D1362A9-0343-4F62-A25C-6A1FFF284530}
		{FF5BEF67-FF31-4F56-8CD7-55F6912EDF69} = {5D1362A9-0343-4F62-A25C-6A1FFF284530}
		{35F5ACF0-6463-432E-995B-6ACB42B6FEBC} = {5D1362A9-0343-4F62-A25C-6A1FFF284530}
		{0C4D388E-FDAB-4449-BCDF-4BB04D41C8B9} = {5D1362A9-0343-4F62-A25C-6A1FFF284530}
		{ACB5281D-5184-4AC5-BD53-647CD0DE81A3} = {5D1362A9-0343-4F62-A25C-6A1FFF284530}
		{2DA3777A-1A0F-4D35-8F15-CB771B826BEB} = {5D1362A9-0343-4F62-A25C-6A1FFF284530}
		{03C2BC56-ED61-4643-9E94-C948BA489669} = {5D1362A9-0343-4F62-A25C-6A1FFF284530}
		{AE91BDEE-7677-428D-855A-91B4B6829609} = {5D1362A9-0343-4F62-A25C-6A1FFF284530}
		{2ADE4D36-6A18-4892-9D2A-B750A0D14906} = {56ABC593-6D8F-43D4-AFF7-6D1235748962}
	EndGlobalSection
EndGlobal
