
Microsoft Visual Studio Solution File, Format Version 12.00
# Visual Studio Version 16
VisualStudioVersion = 16.0.30204.135
MinimumVisualStudioVersion = 15.0.26124.0
Project("{2150E333-8FDC-42A3-9474-1A3956D46DE8}") = "src", "src", "{56ABC593-6D8F-43D4-AFF7-6D1235748962}"
EndProject
Project("{9A19103F-16F7-4668-BE54-9A1E7A4F7556}") = "StackOverHead.CrossCutting", "src\StackOverHead.CrossCutting\StackOverHead.CrossCutting.csproj", "{2EA57A38-3167-4B45-AF7E-042C791AE076}"
EndProject
Project("{9A19103F-16F7-4668-BE54-9A1E7A4F7556}") = "StackOverHead.LibCommon", "src\StackOverHead.LibCommon\StackOverHead.LibCommon.csproj", "{9A85E9C8-3FF2-4784-8AB4-5724AE8DAFF2}"
EndProject
Project("{9A19103F-16F7-4668-BE54-9A1E7A4F7556}") = "StackOverHead.Question.App", "src\StackOverHead.Question.App\StackOverHead.Question.App.csproj", "{047314D8-01A4-4523-AD1C-D400F09271E5}"
EndProject
Project("{9A19103F-16F7-4668-BE54-9A1E7A4F7556}") = "StackOverHead.Question.Domain", "src\StackOverHead.Question.Domain\StackOverHead.Question.Domain.csproj", "{464E20D6-7588-430C-9285-DF8DA0FF2BCC}"
EndProject
Project("{9A19103F-16F7-4668-BE54-9A1E7A4F7556}") = "StackOverHead.Question.Infra", "src\StackOverHead.Question.Infra\StackOverHead.Question.Infra.csproj", "{8A669FE5-4578-4E4C-80AB-70D0FCAC7A8F}"
EndProject
Project("{9A19103F-16F7-4668-BE54-9A1E7A4F7556}") = "StackOverHead.Auth.App", "src\StackOverHead.Auth.App\StackOverHead.Auth.App.csproj", "{F32300DA-B58B-4FE5-B339-14B005EFB41E}"
EndProject
Project("{9A19103F-16F7-4668-BE54-9A1E7A4F7556}") = "StackOverHead.Auth.Domain", "src\StackOverHead.Auth.Domain\StackOverHead.Auth.Domain.csproj", "{C058DD3E-A142-49C3-88C0-CA90126E7823}"
EndProject
Project("{9A19103F-16F7-4668-BE54-9A1E7A4F7556}") = "StackOverHead.Auth.Infra", "src\StackOverHead.Auth.Infra\StackOverHead.Auth.Infra.csproj", "{B0010699-3908-4A39-A727-8C2BAC327F03}"
EndProject
Project("{9A19103F-16F7-4668-BE54-9A1E7A4F7556}") = "StackOverHead.Web", "src\StackOverHead.Web\StackOverHead.Web.csproj", "{CDF75CB3-51DC-4897-9FE8-2A100DCE65AE}"
EndProject
Project("{2150E333-8FDC-42A3-9474-1A3956D46DE8}") = "__tests__", "__tests__", "{5D1362A9-0343-4F62-A25C-6A1FFF284530}"
EndProject
Project("{9A19103F-16F7-4668-BE54-9A1E7A4F7556}") = "StackOverHead.CrossCutting.Tests", "__tests__\StackOverHead.CrossCutting.Tests\StackOverHead.CrossCutting.Tests.csproj", "{528AEE50-E95E-418B-8E23-CD6F823A4D60}"
EndProject
Project("{9A19103F-16F7-4668-BE54-9A1E7A4F7556}") = "StackOverHead.LibCommon.Tests", "__tests__\StackOverHead.LibCommon.Tests\StackOverHead.LibCommon.Tests.csproj", "{66DC0439-7C30-4243-9153-40F43A568FC8}"
EndProject
Project("{9A19103F-16F7-4668-BE54-9A1E7A4F7556}") = "StackOverHead.Question.App.Tests", "__tests__\StackOverHead.Question.App.Tests\StackOverHead.Question.App.Tests.csproj", "{CBF8A7EC-CF37-4228-92C4-7880030B0D8D}"
EndProject
Project("{9A19103F-16F7-4668-BE54-9A1E7A4F7556}") = "StackOverHead.Question.Domain.Tests", "__tests__\StackOverHead.Question.Domain.Tests\StackOverHead.Question.Domain.Tests.csproj", "{CE82F9EE-05CD-4A99-9F8B-1C98298B6924}"
EndProject
Project("{9A19103F-16F7-4668-BE54-9A1E7A4F7556}") = "StackOverHead.Question.Infra.Tests", "__tests__\StackOverHead.Question.Infra.Tests\StackOverHead.Question.Infra.Tests.csproj", "{1F1D7E16-62D2-4289-B4B1-C1C385BEB9AD}"
EndProject
Project("{9A19103F-16F7-4668-BE54-9A1E7A4F7556}") = "StackOverHead.Auth.App.Tests", "__tests__\StackOverHead.Auth.App.Tests\StackOverHead.Auth.App.Tests.csproj", "{F3F5EB83-F895-4B54-84B7-AA7158013DBD}"
EndProject
Project("{9A19103F-16F7-4668-BE54-9A1E7A4F7556}") = "StackOverHead.Auth.Domain.Tests", "__tests__\StackOverHead.Auth.Domain.Tests\StackOverHead.Auth.Domain.Tests.csproj", "{78B9BEA3-261B-4BB9-8C58-9F81AE18ED3B}"
EndProject
Project("{9A19103F-16F7-4668-BE54-9A1E7A4F7556}") = "StackOverHead.Auth.Infra.Tests", "__tests__\StackOverHead.Auth.Infra.Tests\StackOverHead.Auth.Infra.Tests.csproj", "{C2A9A49F-D9BB-4CA7-A0D5-81F5CED3061C}"
EndProject
Project("{9A19103F-16F7-4668-BE54-9A1E7A4F7556}") = "StackOverHead.Web.Tests", "__tests__\StackOverHead.Web.Tests\StackOverHead.Web.Tests.csproj", "{6C389FD2-D210-4649-8D68-77495D45C0C5}"
EndProject
Project("{9A19103F-16F7-4668-BE54-9A1E7A4F7556}") = "StackOverHead.E2E.Tests", "__tests__\StackOverHead.E2E.Tests\StackOverHead.E2E.Tests.csproj", "{00977205-958A-4539-A3EB-E5771B4333BB}"
EndProject
Project("{9A19103F-16F7-4668-BE54-9A1E7A4F7556}") = "StackOverHead.Question.Elastic", "src\StackOverHead.Question.Elastic\StackOverHead.Question.Elastic.csproj", "{5A91F174-7753-457C-896B-5E44FF483408}"
EndProject
Project("{2150E333-8FDC-42A3-9474-1A3956D46DE8}") = "Solution Items", "Solution Items", "{F24EBB22-422B-4F07-9324-15A4E4546FF5}"
	ProjectSection(SolutionItems) = preProject
		CodeAnalyzerRules.ruleset = CodeAnalyzerRules.ruleset
	EndProjectSection
EndProject
Global
	GlobalSection(SolutionConfigurationPlatforms) = preSolution
		Debug|Any CPU = Debug|Any CPU
		Debug|x64 = Debug|x64
		Debug|x86 = Debug|x86
		Release|Any CPU = Release|Any CPU
		Release|x64 = Release|x64
		Release|x86 = Release|x86
	EndGlobalSection
	GlobalSection(ProjectConfigurationPlatforms) = postSolution
		{2EA57A38-3167-4B45-AF7E-042C791AE076}.Debug|Any CPU.ActiveCfg = Debug|Any CPU
		{2EA57A38-3167-4B45-AF7E-042C791AE076}.Debug|Any CPU.Build.0 = Debug|Any CPU
		{2EA57A38-3167-4B45-AF7E-042C791AE076}.Debug|x64.ActiveCfg = Debug|Any CPU
		{2EA57A38-3167-4B45-AF7E-042C791AE076}.Debug|x64.Build.0 = Debug|Any CPU
		{2EA57A38-3167-4B45-AF7E-042C791AE076}.Debug|x86.ActiveCfg = Debug|Any CPU
		{2EA57A38-3167-4B45-AF7E-042C791AE076}.Debug|x86.Build.0 = Debug|Any CPU
		{2EA57A38-3167-4B45-AF7E-042C791AE076}.Release|Any CPU.ActiveCfg = Release|Any CPU
		{2EA57A38-3167-4B45-AF7E-042C791AE076}.Release|Any CPU.Build.0 = Release|Any CPU
		{2EA57A38-3167-4B45-AF7E-042C791AE076}.Release|x64.ActiveCfg = Release|Any CPU
		{2EA57A38-3167-4B45-AF7E-042C791AE076}.Release|x64.Build.0 = Release|Any CPU
		{2EA57A38-3167-4B45-AF7E-042C791AE076}.Release|x86.ActiveCfg = Release|Any CPU
		{2EA57A38-3167-4B45-AF7E-042C791AE076}.Release|x86.Build.0 = Release|Any CPU
		{9A85E9C8-3FF2-4784-8AB4-5724AE8DAFF2}.Debug|Any CPU.ActiveCfg = Debug|Any CPU
		{9A85E9C8-3FF2-4784-8AB4-5724AE8DAFF2}.Debug|Any CPU.Build.0 = Debug|Any CPU
		{9A85E9C8-3FF2-4784-8AB4-5724AE8DAFF2}.Debug|x64.ActiveCfg = Debug|Any CPU
		{9A85E9C8-3FF2-4784-8AB4-5724AE8DAFF2}.Debug|x64.Build.0 = Debug|Any CPU
		{9A85E9C8-3FF2-4784-8AB4-5724AE8DAFF2}.Debug|x86.ActiveCfg = Debug|Any CPU
		{9A85E9C8-3FF2-4784-8AB4-5724AE8DAFF2}.Debug|x86.Build.0 = Debug|Any CPU
		{9A85E9C8-3FF2-4784-8AB4-5724AE8DAFF2}.Release|Any CPU.ActiveCfg = Release|Any CPU
		{9A85E9C8-3FF2-4784-8AB4-5724AE8DAFF2}.Release|Any CPU.Build.0 = Release|Any CPU
		{9A85E9C8-3FF2-4784-8AB4-5724AE8DAFF2}.Release|x64.ActiveCfg = Release|Any CPU
		{9A85E9C8-3FF2-4784-8AB4-5724AE8DAFF2}.Release|x64.Build.0 = Release|Any CPU
		{9A85E9C8-3FF2-4784-8AB4-5724AE8DAFF2}.Release|x86.ActiveCfg = Release|Any CPU
		{9A85E9C8-3FF2-4784-8AB4-5724AE8DAFF2}.Release|x86.Build.0 = Release|Any CPU
		{047314D8-01A4-4523-AD1C-D400F09271E5}.Debug|Any CPU.ActiveCfg = Debug|Any CPU
		{047314D8-01A4-4523-AD1C-D400F09271E5}.Debug|Any CPU.Build.0 = Debug|Any CPU
		{047314D8-01A4-4523-AD1C-D400F09271E5}.Debug|x64.ActiveCfg = Debug|Any CPU
		{047314D8-01A4-4523-AD1C-D400F09271E5}.Debug|x64.Build.0 = Debug|Any CPU
		{047314D8-01A4-4523-AD1C-D400F09271E5}.Debug|x86.ActiveCfg = Debug|Any CPU
		{047314D8-01A4-4523-AD1C-D400F09271E5}.Debug|x86.Build.0 = Debug|Any CPU
		{047314D8-01A4-4523-AD1C-D400F09271E5}.Release|Any CPU.ActiveCfg = Release|Any CPU
		{047314D8-01A4-4523-AD1C-D400F09271E5}.Release|Any CPU.Build.0 = Release|Any CPU
		{047314D8-01A4-4523-AD1C-D400F09271E5}.Release|x64.ActiveCfg = Release|Any CPU
		{047314D8-01A4-4523-AD1C-D400F09271E5}.Release|x64.Build.0 = Release|Any CPU
		{047314D8-01A4-4523-AD1C-D400F09271E5}.Release|x86.ActiveCfg = Release|Any CPU
		{047314D8-01A4-4523-AD1C-D400F09271E5}.Release|x86.Build.0 = Release|Any CPU
		{464E20D6-7588-430C-9285-DF8DA0FF2BCC}.Debug|Any CPU.ActiveCfg = Debug|Any CPU
		{464E20D6-7588-430C-9285-DF8DA0FF2BCC}.Debug|Any CPU.Build.0 = Debug|Any CPU
		{464E20D6-7588-430C-9285-DF8DA0FF2BCC}.Debug|x64.ActiveCfg = Debug|Any CPU
		{464E20D6-7588-430C-9285-DF8DA0FF2BCC}.Debug|x64.Build.0 = Debug|Any CPU
		{464E20D6-7588-430C-9285-DF8DA0FF2BCC}.Debug|x86.ActiveCfg = Debug|Any CPU
		{464E20D6-7588-430C-9285-DF8DA0FF2BCC}.Debug|x86.Build.0 = Debug|Any CPU
		{464E20D6-7588-430C-9285-DF8DA0FF2BCC}.Release|Any CPU.ActiveCfg = Release|Any CPU
		{464E20D6-7588-430C-9285-DF8DA0FF2BCC}.Release|Any CPU.Build.0 = Release|Any CPU
		{464E20D6-7588-430C-9285-DF8DA0FF2BCC}.Release|x64.ActiveCfg = Release|Any CPU
		{464E20D6-7588-430C-9285-DF8DA0FF2BCC}.Release|x64.Build.0 = Release|Any CPU
		{464E20D6-7588-430C-9285-DF8DA0FF2BCC}.Release|x86.ActiveCfg = Release|Any CPU
		{464E20D6-7588-430C-9285-DF8DA0FF2BCC}.Release|x86.Build.0 = Release|Any CPU
		{8A669FE5-4578-4E4C-80AB-70D0FCAC7A8F}.Debug|Any CPU.ActiveCfg = Debug|Any CPU
		{8A669FE5-4578-4E4C-80AB-70D0FCAC7A8F}.Debug|Any CPU.Build.0 = Debug|Any CPU
		{8A669FE5-4578-4E4C-80AB-70D0FCAC7A8F}.Debug|x64.ActiveCfg = Debug|Any CPU
		{8A669FE5-4578-4E4C-80AB-70D0FCAC7A8F}.Debug|x64.Build.0 = Debug|Any CPU
		{8A669FE5-4578-4E4C-80AB-70D0FCAC7A8F}.Debug|x86.ActiveCfg = Debug|Any CPU
		{8A669FE5-4578-4E4C-80AB-70D0FCAC7A8F}.Debug|x86.Build.0 = Debug|Any CPU
		{8A669FE5-4578-4E4C-80AB-70D0FCAC7A8F}.Release|Any CPU.ActiveCfg = Release|Any CPU
		{8A669FE5-4578-4E4C-80AB-70D0FCAC7A8F}.Release|Any CPU.Build.0 = Release|Any CPU
		{8A669FE5-4578-4E4C-80AB-70D0FCAC7A8F}.Release|x64.ActiveCfg = Release|Any CPU
		{8A669FE5-4578-4E4C-80AB-70D0FCAC7A8F}.Release|x64.Build.0 = Release|Any CPU
		{8A669FE5-4578-4E4C-80AB-70D0FCAC7A8F}.Release|x86.ActiveCfg = Release|Any CPU
		{8A669FE5-4578-4E4C-80AB-70D0FCAC7A8F}.Release|x86.Build.0 = Release|Any CPU
		{F32300DA-B58B-4FE5-B339-14B005EFB41E}.Debug|Any CPU.ActiveCfg = Debug|Any CPU
		{F32300DA-B58B-4FE5-B339-14B005EFB41E}.Debug|Any CPU.Build.0 = Debug|Any CPU
		{F32300DA-B58B-4FE5-B339-14B005EFB41E}.Debug|x64.ActiveCfg = Debug|Any CPU
		{F32300DA-B58B-4FE5-B339-14B005EFB41E}.Debug|x64.Build.0 = Debug|Any CPU
		{F32300DA-B58B-4FE5-B339-14B005EFB41E}.Debug|x86.ActiveCfg = Debug|Any CPU
		{F32300DA-B58B-4FE5-B339-14B005EFB41E}.Debug|x86.Build.0 = Debug|Any CPU
		{F32300DA-B58B-4FE5-B339-14B005EFB41E}.Release|Any CPU.ActiveCfg = Release|Any CPU
		{F32300DA-B58B-4FE5-B339-14B005EFB41E}.Release|Any CPU.Build.0 = Release|Any CPU
		{F32300DA-B58B-4FE5-B339-14B005EFB41E}.Release|x64.ActiveCfg = Release|Any CPU
		{F32300DA-B58B-4FE5-B339-14B005EFB41E}.Release|x64.Build.0 = Release|Any CPU
		{F32300DA-B58B-4FE5-B339-14B005EFB41E}.Release|x86.ActiveCfg = Release|Any CPU
		{F32300DA-B58B-4FE5-B339-14B005EFB41E}.Release|x86.Build.0 = Release|Any CPU
		{C058DD3E-A142-49C3-88C0-CA90126E7823}.Debug|Any CPU.ActiveCfg = Debug|Any CPU
		{C058DD3E-A142-49C3-88C0-CA90126E7823}.Debug|Any CPU.Build.0 = Debug|Any CPU
		{C058DD3E-A142-49C3-88C0-CA90126E7823}.Debug|x64.ActiveCfg = Debug|Any CPU
		{C058DD3E-A142-49C3-88C0-CA90126E7823}.Debug|x64.Build.0 = Debug|Any CPU
		{C058DD3E-A142-49C3-88C0-CA90126E7823}.Debug|x86.ActiveCfg = Debug|Any CPU
		{C058DD3E-A142-49C3-88C0-CA90126E7823}.Debug|x86.Build.0 = Debug|Any CPU
		{C058DD3E-A142-49C3-88C0-CA90126E7823}.Release|Any CPU.ActiveCfg = Release|Any CPU
		{C058DD3E-A142-49C3-88C0-CA90126E7823}.Release|Any CPU.Build.0 = Release|Any CPU
		{C058DD3E-A142-49C3-88C0-CA90126E7823}.Release|x64.ActiveCfg = Release|Any CPU
		{C058DD3E-A142-49C3-88C0-CA90126E7823}.Release|x64.Build.0 = Release|Any CPU
		{C058DD3E-A142-49C3-88C0-CA90126E7823}.Release|x86.ActiveCfg = Release|Any CPU
		{C058DD3E-A142-49C3-88C0-CA90126E7823}.Release|x86.Build.0 = Release|Any CPU
		{B0010699-3908-4A39-A727-8C2BAC327F03}.Debug|Any CPU.ActiveCfg = Debug|Any CPU
		{B0010699-3908-4A39-A727-8C2BAC327F03}.Debug|Any CPU.Build.0 = Debug|Any CPU
		{B0010699-3908-4A39-A727-8C2BAC327F03}.Debug|x64.ActiveCfg = Debug|Any CPU
		{B0010699-3908-4A39-A727-8C2BAC327F03}.Debug|x64.Build.0 = Debug|Any CPU
		{B0010699-3908-4A39-A727-8C2BAC327F03}.Debug|x86.ActiveCfg = Debug|Any CPU
		{B0010699-3908-4A39-A727-8C2BAC327F03}.Debug|x86.Build.0 = Debug|Any CPU
		{B0010699-3908-4A39-A727-8C2BAC327F03}.Release|Any CPU.ActiveCfg = Release|Any CPU
		{B0010699-3908-4A39-A727-8C2BAC327F03}.Release|Any CPU.Build.0 = Release|Any CPU
		{B0010699-3908-4A39-A727-8C2BAC327F03}.Release|x64.ActiveCfg = Release|Any CPU
		{B0010699-3908-4A39-A727-8C2BAC327F03}.Release|x64.Build.0 = Release|Any CPU
		{B0010699-3908-4A39-A727-8C2BAC327F03}.Release|x86.ActiveCfg = Release|Any CPU
		{B0010699-3908-4A39-A727-8C2BAC327F03}.Release|x86.Build.0 = Release|Any CPU
		{CDF75CB3-51DC-4897-9FE8-2A100DCE65AE}.Debug|Any CPU.ActiveCfg = Debug|Any CPU
		{CDF75CB3-51DC-4897-9FE8-2A100DCE65AE}.Debug|Any CPU.Build.0 = Debug|Any CPU
		{CDF75CB3-51DC-4897-9FE8-2A100DCE65AE}.Debug|x64.ActiveCfg = Debug|Any CPU
		{CDF75CB3-51DC-4897-9FE8-2A100DCE65AE}.Debug|x64.Build.0 = Debug|Any CPU
		{CDF75CB3-51DC-4897-9FE8-2A100DCE65AE}.Debug|x86.ActiveCfg = Debug|Any CPU
		{CDF75CB3-51DC-4897-9FE8-2A100DCE65AE}.Debug|x86.Build.0 = Debug|Any CPU
		{CDF75CB3-51DC-4897-9FE8-2A100DCE65AE}.Release|Any CPU.ActiveCfg = Release|Any CPU
		{CDF75CB3-51DC-4897-9FE8-2A100DCE65AE}.Release|Any CPU.Build.0 = Release|Any CPU
		{CDF75CB3-51DC-4897-9FE8-2A100DCE65AE}.Release|x64.ActiveCfg = Release|Any CPU
		{CDF75CB3-51DC-4897-9FE8-2A100DCE65AE}.Release|x64.Build.0 = Release|Any CPU
		{CDF75CB3-51DC-4897-9FE8-2A100DCE65AE}.Release|x86.ActiveCfg = Release|Any CPU
		{CDF75CB3-51DC-4897-9FE8-2A100DCE65AE}.Release|x86.Build.0 = Release|Any CPU
		{528AEE50-E95E-418B-8E23-CD6F823A4D60}.Debug|Any CPU.ActiveCfg = Debug|Any CPU
		{528AEE50-E95E-418B-8E23-CD6F823A4D60}.Debug|Any CPU.Build.0 = Debug|Any CPU
		{528AEE50-E95E-418B-8E23-CD6F823A4D60}.Debug|x64.ActiveCfg = Debug|Any CPU
		{528AEE50-E95E-418B-8E23-CD6F823A4D60}.Debug|x64.Build.0 = Debug|Any CPU
		{528AEE50-E95E-418B-8E23-CD6F823A4D60}.Debug|x86.ActiveCfg = Debug|Any CPU
		{528AEE50-E95E-418B-8E23-CD6F823A4D60}.Debug|x86.Build.0 = Debug|Any CPU
		{528AEE50-E95E-418B-8E23-CD6F823A4D60}.Release|Any CPU.ActiveCfg = Release|Any CPU
		{528AEE50-E95E-418B-8E23-CD6F823A4D60}.Release|Any CPU.Build.0 = Release|Any CPU
		{528AEE50-E95E-418B-8E23-CD6F823A4D60}.Release|x64.ActiveCfg = Release|Any CPU
		{528AEE50-E95E-418B-8E23-CD6F823A4D60}.Release|x64.Build.0 = Release|Any CPU
		{528AEE50-E95E-418B-8E23-CD6F823A4D60}.Release|x86.ActiveCfg = Release|Any CPU
		{528AEE50-E95E-418B-8E23-CD6F823A4D60}.Release|x86.Build.0 = Release|Any CPU
		{66DC0439-7C30-4243-9153-40F43A568FC8}.Debug|Any CPU.ActiveCfg = Debug|Any CPU
		{66DC0439-7C30-4243-9153-40F43A568FC8}.Debug|Any CPU.Build.0 = Debug|Any CPU
		{66DC0439-7C30-4243-9153-40F43A568FC8}.Debug|x64.ActiveCfg = Debug|Any CPU
		{66DC0439-7C30-4243-9153-40F43A568FC8}.Debug|x64.Build.0 = Debug|Any CPU
		{66DC0439-7C30-4243-9153-40F43A568FC8}.Debug|x86.ActiveCfg = Debug|Any CPU
		{66DC0439-7C30-4243-9153-40F43A568FC8}.Debug|x86.Build.0 = Debug|Any CPU
		{66DC0439-7C30-4243-9153-40F43A568FC8}.Release|Any CPU.ActiveCfg = Release|Any CPU
		{66DC0439-7C30-4243-9153-40F43A568FC8}.Release|Any CPU.Build.0 = Release|Any CPU
		{66DC0439-7C30-4243-9153-40F43A568FC8}.Release|x64.ActiveCfg = Release|Any CPU
		{66DC0439-7C30-4243-9153-40F43A568FC8}.Release|x64.Build.0 = Release|Any CPU
		{66DC0439-7C30-4243-9153-40F43A568FC8}.Release|x86.ActiveCfg = Release|Any CPU
		{66DC0439-7C30-4243-9153-40F43A568FC8}.Release|x86.Build.0 = Release|Any CPU
		{CBF8A7EC-CF37-4228-92C4-7880030B0D8D}.Debug|Any CPU.ActiveCfg = Debug|Any CPU
		{CBF8A7EC-CF37-4228-92C4-7880030B0D8D}.Debug|Any CPU.Build.0 = Debug|Any CPU
		{CBF8A7EC-CF37-4228-92C4-7880030B0D8D}.Debug|x64.ActiveCfg = Debug|Any CPU
		{CBF8A7EC-CF37-4228-92C4-7880030B0D8D}.Debug|x64.Build.0 = Debug|Any CPU
		{CBF8A7EC-CF37-4228-92C4-7880030B0D8D}.Debug|x86.ActiveCfg = Debug|Any CPU
		{CBF8A7EC-CF37-4228-92C4-7880030B0D8D}.Debug|x86.Build.0 = Debug|Any CPU
		{CBF8A7EC-CF37-4228-92C4-7880030B0D8D}.Release|Any CPU.ActiveCfg = Release|Any CPU
		{CBF8A7EC-CF37-4228-92C4-7880030B0D8D}.Release|Any CPU.Build.0 = Release|Any CPU
		{CBF8A7EC-CF37-4228-92C4-7880030B0D8D}.Release|x64.ActiveCfg = Release|Any CPU
		{CBF8A7EC-CF37-4228-92C4-7880030B0D8D}.Release|x64.Build.0 = Release|Any CPU
		{CBF8A7EC-CF37-4228-92C4-7880030B0D8D}.Release|x86.ActiveCfg = Release|Any CPU
		{CBF8A7EC-CF37-4228-92C4-7880030B0D8D}.Release|x86.Build.0 = Release|Any CPU
		{CE82F9EE-05CD-4A99-9F8B-1C98298B6924}.Debug|Any CPU.ActiveCfg = Debug|Any CPU
		{CE82F9EE-05CD-4A99-9F8B-1C98298B6924}.Debug|Any CPU.Build.0 = Debug|Any CPU
		{CE82F9EE-05CD-4A99-9F8B-1C98298B6924}.Debug|x64.ActiveCfg = Debug|Any CPU
		{CE82F9EE-05CD-4A99-9F8B-1C98298B6924}.Debug|x64.Build.0 = Debug|Any CPU
		{CE82F9EE-05CD-4A99-9F8B-1C98298B6924}.Debug|x86.ActiveCfg = Debug|Any CPU
		{CE82F9EE-05CD-4A99-9F8B-1C98298B6924}.Debug|x86.Build.0 = Debug|Any CPU
		{CE82F9EE-05CD-4A99-9F8B-1C98298B6924}.Release|Any CPU.ActiveCfg = Release|Any CPU
		{CE82F9EE-05CD-4A99-9F8B-1C98298B6924}.Release|Any CPU.Build.0 = Release|Any CPU
		{CE82F9EE-05CD-4A99-9F8B-1C98298B6924}.Release|x64.ActiveCfg = Release|Any CPU
		{CE82F9EE-05CD-4A99-9F8B-1C98298B6924}.Release|x64.Build.0 = Release|Any CPU
		{CE82F9EE-05CD-4A99-9F8B-1C98298B6924}.Release|x86.ActiveCfg = Release|Any CPU
		{CE82F9EE-05CD-4A99-9F8B-1C98298B6924}.Release|x86.Build.0 = Release|Any CPU
		{1F1D7E16-62D2-4289-B4B1-C1C385BEB9AD}.Debug|Any CPU.ActiveCfg = Debug|Any CPU
		{1F1D7E16-62D2-4289-B4B1-C1C385BEB9AD}.Debug|Any CPU.Build.0 = Debug|Any CPU
		{1F1D7E16-62D2-4289-B4B1-C1C385BEB9AD}.Debug|x64.ActiveCfg = Debug|Any CPU
		{1F1D7E16-62D2-4289-B4B1-C1C385BEB9AD}.Debug|x64.Build.0 = Debug|Any CPU
		{1F1D7E16-62D2-4289-B4B1-C1C385BEB9AD}.Debug|x86.ActiveCfg = Debug|Any CPU
		{1F1D7E16-62D2-4289-B4B1-C1C385BEB9AD}.Debug|x86.Build.0 = Debug|Any CPU
		{1F1D7E16-62D2-4289-B4B1-C1C385BEB9AD}.Release|Any CPU.ActiveCfg = Release|Any CPU
		{1F1D7E16-62D2-4289-B4B1-C1C385BEB9AD}.Release|Any CPU.Build.0 = Release|Any CPU
		{1F1D7E16-62D2-4289-B4B1-C1C385BEB9AD}.Release|x64.ActiveCfg = Release|Any CPU
		{1F1D7E16-62D2-4289-B4B1-C1C385BEB9AD}.Release|x64.Build.0 = Release|Any CPU
		{1F1D7E16-62D2-4289-B4B1-C1C385BEB9AD}.Release|x86.ActiveCfg = Release|Any CPU
		{1F1D7E16-62D2-4289-B4B1-C1C385BEB9AD}.Release|x86.Build.0 = Release|Any CPU
		{F3F5EB83-F895-4B54-84B7-AA7158013DBD}.Debug|Any CPU.ActiveCfg = Debug|Any CPU
		{F3F5EB83-F895-4B54-84B7-AA7158013DBD}.Debug|Any CPU.Build.0 = Debug|Any CPU
		{F3F5EB83-F895-4B54-84B7-AA7158013DBD}.Debug|x64.ActiveCfg = Debug|Any CPU
		{F3F5EB83-F895-4B54-84B7-AA7158013DBD}.Debug|x64.Build.0 = Debug|Any CPU
		{F3F5EB83-F895-4B54-84B7-AA7158013DBD}.Debug|x86.ActiveCfg = Debug|Any CPU
		{F3F5EB83-F895-4B54-84B7-AA7158013DBD}.Debug|x86.Build.0 = Debug|Any CPU
		{F3F5EB83-F895-4B54-84B7-AA7158013DBD}.Release|Any CPU.ActiveCfg = Release|Any CPU
		{F3F5EB83-F895-4B54-84B7-AA7158013DBD}.Release|Any CPU.Build.0 = Release|Any CPU
		{F3F5EB83-F895-4B54-84B7-AA7158013DBD}.Release|x64.ActiveCfg = Release|Any CPU
		{F3F5EB83-F895-4B54-84B7-AA7158013DBD}.Release|x64.Build.0 = Release|Any CPU
		{F3F5EB83-F895-4B54-84B7-AA7158013DBD}.Release|x86.ActiveCfg = Release|Any CPU
		{F3F5EB83-F895-4B54-84B7-AA7158013DBD}.Release|x86.Build.0 = Release|Any CPU
		{78B9BEA3-261B-4BB9-8C58-9F81AE18ED3B}.Debug|Any CPU.ActiveCfg = Debug|Any CPU
		{78B9BEA3-261B-4BB9-8C58-9F81AE18ED3B}.Debug|Any CPU.Build.0 = Debug|Any CPU
		{78B9BEA3-261B-4BB9-8C58-9F81AE18ED3B}.Debug|x64.ActiveCfg = Debug|Any CPU
		{78B9BEA3-261B-4BB9-8C58-9F81AE18ED3B}.Debug|x64.Build.0 = Debug|Any CPU
		{78B9BEA3-261B-4BB9-8C58-9F81AE18ED3B}.Debug|x86.ActiveCfg = Debug|Any CPU
		{78B9BEA3-261B-4BB9-8C58-9F81AE18ED3B}.Debug|x86.Build.0 = Debug|Any CPU
		{78B9BEA3-261B-4BB9-8C58-9F81AE18ED3B}.Release|Any CPU.ActiveCfg = Release|Any CPU
		{78B9BEA3-261B-4BB9-8C58-9F81AE18ED3B}.Release|Any CPU.Build.0 = Release|Any CPU
		{78B9BEA3-261B-4BB9-8C58-9F81AE18ED3B}.Release|x64.ActiveCfg = Release|Any CPU
		{78B9BEA3-261B-4BB9-8C58-9F81AE18ED3B}.Release|x64.Build.0 = Release|Any CPU
		{78B9BEA3-261B-4BB9-8C58-9F81AE18ED3B}.Release|x86.ActiveCfg = Release|Any CPU
		{78B9BEA3-261B-4BB9-8C58-9F81AE18ED3B}.Release|x86.Build.0 = Release|Any CPU
		{C2A9A49F-D9BB-4CA7-A0D5-81F5CED3061C}.Debug|Any CPU.ActiveCfg = Debug|Any CPU
		{C2A9A49F-D9BB-4CA7-A0D5-81F5CED3061C}.Debug|Any CPU.Build.0 = Debug|Any CPU
		{C2A9A49F-D9BB-4CA7-A0D5-81F5CED3061C}.Debug|x64.ActiveCfg = Debug|Any CPU
		{C2A9A49F-D9BB-4CA7-A0D5-81F5CED3061C}.Debug|x64.Build.0 = Debug|Any CPU
		{C2A9A49F-D9BB-4CA7-A0D5-81F5CED3061C}.Debug|x86.ActiveCfg = Debug|Any CPU
		{C2A9A49F-D9BB-4CA7-A0D5-81F5CED3061C}.Debug|x86.Build.0 = Debug|Any CPU
		{C2A9A49F-D9BB-4CA7-A0D5-81F5CED3061C}.Release|Any CPU.ActiveCfg = Release|Any CPU
		{C2A9A49F-D9BB-4CA7-A0D5-81F5CED3061C}.Release|Any CPU.Build.0 = Release|Any CPU
		{C2A9A49F-D9BB-4CA7-A0D5-81F5CED3061C}.Release|x64.ActiveCfg = Release|Any CPU
		{C2A9A49F-D9BB-4CA7-A0D5-81F5CED3061C}.Release|x64.Build.0 = Release|Any CPU
		{C2A9A49F-D9BB-4CA7-A0D5-81F5CED3061C}.Release|x86.ActiveCfg = Release|Any CPU
		{C2A9A49F-D9BB-4CA7-A0D5-81F5CED3061C}.Release|x86.Build.0 = Release|Any CPU
		{6C389FD2-D210-4649-8D68-77495D45C0C5}.Debug|Any CPU.ActiveCfg = Debug|Any CPU
		{6C389FD2-D210-4649-8D68-77495D45C0C5}.Debug|Any CPU.Build.0 = Debug|Any CPU
		{6C389FD2-D210-4649-8D68-77495D45C0C5}.Debug|x64.ActiveCfg = Debug|Any CPU
		{6C389FD2-D210-4649-8D68-77495D45C0C5}.Debug|x64.Build.0 = Debug|Any CPU
		{6C389FD2-D210-4649-8D68-77495D45C0C5}.Debug|x86.ActiveCfg = Debug|Any CPU
		{6C389FD2-D210-4649-8D68-77495D45C0C5}.Debug|x86.Build.0 = Debug|Any CPU
		{6C389FD2-D210-4649-8D68-77495D45C0C5}.Release|Any CPU.ActiveCfg = Release|Any CPU
		{6C389FD2-D210-4649-8D68-77495D45C0C5}.Release|Any CPU.Build.0 = Release|Any CPU
		{6C389FD2-D210-4649-8D68-77495D45C0C5}.Release|x64.ActiveCfg = Release|Any CPU
		{6C389FD2-D210-4649-8D68-77495D45C0C5}.Release|x64.Build.0 = Release|Any CPU
		{6C389FD2-D210-4649-8D68-77495D45C0C5}.Release|x86.ActiveCfg = Release|Any CPU
		{6C389FD2-D210-4649-8D68-77495D45C0C5}.Release|x86.Build.0 = Release|Any CPU
		{00977205-958A-4539-A3EB-E5771B4333BB}.Debug|Any CPU.ActiveCfg = Debug|Any CPU
		{00977205-958A-4539-A3EB-E5771B4333BB}.Debug|Any CPU.Build.0 = Debug|Any CPU
		{00977205-958A-4539-A3EB-E5771B4333BB}.Debug|x64.ActiveCfg = Debug|Any CPU
		{00977205-958A-4539-A3EB-E5771B4333BB}.Debug|x64.Build.0 = Debug|Any CPU
		{00977205-958A-4539-A3EB-E5771B4333BB}.Debug|x86.ActiveCfg = Debug|Any CPU
		{00977205-958A-4539-A3EB-E5771B4333BB}.Debug|x86.Build.0 = Debug|Any CPU
		{00977205-958A-4539-A3EB-E5771B4333BB}.Release|Any CPU.ActiveCfg = Release|Any CPU
		{00977205-958A-4539-A3EB-E5771B4333BB}.Release|Any CPU.Build.0 = Release|Any CPU
		{00977205-958A-4539-A3EB-E5771B4333BB}.Release|x64.ActiveCfg = Release|Any CPU
		{00977205-958A-4539-A3EB-E5771B4333BB}.Release|x64.Build.0 = Release|Any CPU
		{00977205-958A-4539-A3EB-E5771B4333BB}.Release|x86.ActiveCfg = Release|Any CPU
		{00977205-958A-4539-A3EB-E5771B4333BB}.Release|x86.Build.0 = Release|Any CPU
		{5A91F174-7753-457C-896B-5E44FF483408}.Debug|Any CPU.ActiveCfg = Debug|Any CPU
		{5A91F174-7753-457C-896B-5E44FF483408}.Debug|Any CPU.Build.0 = Debug|Any CPU
		{5A91F174-7753-457C-896B-5E44FF483408}.Debug|x64.ActiveCfg = Debug|Any CPU
		{5A91F174-7753-457C-896B-5E44FF483408}.Debug|x64.Build.0 = Debug|Any CPU
		{5A91F174-7753-457C-896B-5E44FF483408}.Debug|x86.ActiveCfg = Debug|Any CPU
		{5A91F174-7753-457C-896B-5E44FF483408}.Debug|x86.Build.0 = Debug|Any CPU
		{5A91F174-7753-457C-896B-5E44FF483408}.Release|Any CPU.ActiveCfg = Release|Any CPU
		{5A91F174-7753-457C-896B-5E44FF483408}.Release|Any CPU.Build.0 = Release|Any CPU
		{5A91F174-7753-457C-896B-5E44FF483408}.Release|x64.ActiveCfg = Release|Any CPU
		{5A91F174-7753-457C-896B-5E44FF483408}.Release|x64.Build.0 = Release|Any CPU
		{5A91F174-7753-457C-896B-5E44FF483408}.Release|x86.ActiveCfg = Release|Any CPU
		{5A91F174-7753-457C-896B-5E44FF483408}.Release|x86.Build.0 = Release|Any CPU
	EndGlobalSection
	GlobalSection(SolutionProperties) = preSolution
		HideSolutionNode = FALSE
	EndGlobalSection
	GlobalSection(NestedProjects) = preSolution
		{2EA57A38-3167-4B45-AF7E-042C791AE076} = {56ABC593-6D8F-43D4-AFF7-6D1235748962}
		{9A85E9C8-3FF2-4784-8AB4-5724AE8DAFF2} = {56ABC593-6D8F-43D4-AFF7-6D1235748962}
		{047314D8-01A4-4523-AD1C-D400F09271E5} = {56ABC593-6D8F-43D4-AFF7-6D1235748962}
		{464E20D6-7588-430C-9285-DF8DA0FF2BCC} = {56ABC593-6D8F-43D4-AFF7-6D1235748962}
		{8A669FE5-4578-4E4C-80AB-70D0FCAC7A8F} = {56ABC593-6D8F-43D4-AFF7-6D1235748962}
		{F32300DA-B58B-4FE5-B339-14B005EFB41E} = {56ABC593-6D8F-43D4-AFF7-6D1235748962}
		{C058DD3E-A142-49C3-88C0-CA90126E7823} = {56ABC593-6D8F-43D4-AFF7-6D1235748962}
		{B0010699-3908-4A39-A727-8C2BAC327F03} = {56ABC593-6D8F-43D4-AFF7-6D1235748962}
		{CDF75CB3-51DC-4897-9FE8-2A100DCE65AE} = {56ABC593-6D8F-43D4-AFF7-6D1235748962}
		{528AEE50-E95E-418B-8E23-CD6F823A4D60} = {5D1362A9-0343-4F62-A25C-6A1FFF284530}
		{66DC0439-7C30-4243-9153-40F43A568FC8} = {5D1362A9-0343-4F62-A25C-6A1FFF284530}
		{CBF8A7EC-CF37-4228-92C4-7880030B0D8D} = {5D1362A9-0343-4F62-A25C-6A1FFF284530}
		{CE82F9EE-05CD-4A99-9F8B-1C98298B6924} = {5D1362A9-0343-4F62-A25C-6A1FFF284530}
		{1F1D7E16-62D2-4289-B4B1-C1C385BEB9AD} = {5D1362A9-0343-4F62-A25C-6A1FFF284530}
		{F3F5EB83-F895-4B54-84B7-AA7158013DBD} = {5D1362A9-0343-4F62-A25C-6A1FFF284530}
		{78B9BEA3-261B-4BB9-8C58-9F81AE18ED3B} = {5D1362A9-0343-4F62-A25C-6A1FFF284530}
		{C2A9A49F-D9BB-4CA7-A0D5-81F5CED3061C} = {5D1362A9-0343-4F62-A25C-6A1FFF284530}
		{6C389FD2-D210-4649-8D68-77495D45C0C5} = {5D1362A9-0343-4F62-A25C-6A1FFF284530}
		{00977205-958A-4539-A3EB-E5771B4333BB} = {5D1362A9-0343-4F62-A25C-6A1FFF284530}
		{5A91F174-7753-457C-896B-5E44FF483408} = {56ABC593-6D8F-43D4-AFF7-6D1235748962}
	EndGlobalSection
	GlobalSection(ExtensibilityGlobals) = postSolution
		SolutionGuid = {1C17A28B-8A0A-4665-9F4B-14E6245E946F}
	EndGlobalSection
EndGlobal
